
Microsoft Visual Studio Solution File, Format Version 12.00
# Visual Studio 15
VisualStudioVersion = 15.0.28010.2036
MinimumVisualStudioVersion = 10.0.40219.1
Project("{FAE04EC0-301F-11D3-BF4B-00C04F79EFBC}") = "Task01", "Task01\Task01.csproj", "{64DA390C-D5A2-48DA-ACA6-187C8D79DF37}"
EndProject
Project("{FAE04EC0-301F-11D3-BF4B-00C04F79EFBC}") = "Task02", "Task02\Task02.csproj", "{98C3C2FC-2D4C-4370-A215-39B99B1E45BE}"
EndProject
Project("{FAE04EC0-301F-11D3-BF4B-00C04F79EFBC}") = "Task03", "Task03\Task03.csproj", "{C115FBE9-12F8-453E-88A8-D90BF0620A91}"
EndProject
Global
	GlobalSection(SolutionConfigurationPlatforms) = preSolution
		Debug|Any CPU = Debug|Any CPU
		Release|Any CPU = Release|Any CPU
	EndGlobalSection
	GlobalSection(ProjectConfigurationPlatforms) = postSolution
		{64DA390C-D5A2-48DA-ACA6-187C8D79DF37}.Debug|Any CPU.ActiveCfg = Debug|Any CPU
		{64DA390C-D5A2-48DA-ACA6-187C8D79DF37}.Debug|Any CPU.Build.0 = Debug|Any CPU
		{64DA390C-D5A2-48DA-ACA6-187C8D79DF37}.Release|Any CPU.ActiveCfg = Release|Any CPU
		{64DA390C-D5A2-48DA-ACA6-187C8D79DF37}.Release|Any CPU.Build.0 = Release|Any CPU
		{98C3C2FC-2D4C-4370-A215-39B99B1E45BE}.Debug|Any CPU.ActiveCfg = Debug|Any CPU
		{98C3C2FC-2D4C-4370-A215-39B99B1E45BE}.Debug|Any CPU.Build.0 = Debug|Any CPU
		{98C3C2FC-2D4C-4370-A215-39B99B1E45BE}.Release|Any CPU.ActiveCfg = Release|Any CPU
		{98C3C2FC-2D4C-4370-A215-39B99B1E45BE}.Release|Any CPU.Build.0 = Release|Any CPU
		{C115FBE9-12F8-453E-88A8-D90BF0620A91}.Debug|Any CPU.ActiveCfg = Debug|Any CPU
		{C115FBE9-12F8-453E-88A8-D90BF0620A91}.Debug|Any CPU.Build.0 = Debug|Any CPU
		{C115FBE9-12F8-453E-88A8-D90BF0620A91}.Release|Any CPU.ActiveCfg = Release|Any CPU
		{C115FBE9-12F8-453E-88A8-D90BF0620A91}.Release|Any CPU.Build.0 = Release|Any CPU
	EndGlobalSection
	GlobalSection(SolutionProperties) = preSolution
		HideSolutionNode = FALSE
	EndGlobalSection
	GlobalSection(ExtensibilityGlobals) = postSolution
		SolutionGuid = {E3C26810-5073-4E16-B885-7ED4B4E9AA59}
	EndGlobalSection
EndGlobal
