
Microsoft Visual Studio Solution File, Format Version 12.00
# Visual Studio 15
VisualStudioVersion = 15.0.27428.2015
MinimumVisualStudioVersion = 10.0.40219.1
Project("{FAE04EC0-301F-11D3-BF4B-00C04F79EFBC}") = "Task02", "Medvedev_Mikhail_Task12\Task02.csproj", "{53939E8C-0AF3-48C1-919B-5DE099FDD825}"
EndProject
Project("{FAE04EC0-301F-11D3-BF4B-00C04F79EFBC}") = "Task01", "Task01\Task01.csproj", "{13F8F782-84D6-4D26-8A4D-E74185C26ACD}"
EndProject
Global
	GlobalSection(SolutionConfigurationPlatforms) = preSolution
		Debug|Any CPU = Debug|Any CPU
		Release|Any CPU = Release|Any CPU
	EndGlobalSection
	GlobalSection(ProjectConfigurationPlatforms) = postSolution
		{53939E8C-0AF3-48C1-919B-5DE099FDD825}.Debug|Any CPU.ActiveCfg = Debug|Any CPU
		{53939E8C-0AF3-48C1-919B-5DE099FDD825}.Debug|Any CPU.Build.0 = Debug|Any CPU
		{53939E8C-0AF3-48C1-919B-5DE099FDD825}.Release|Any CPU.ActiveCfg = Release|Any CPU
		{53939E8C-0AF3-48C1-919B-5DE099FDD825}.Release|Any CPU.Build.0 = Release|Any CPU
		{13F8F782-84D6-4D26-8A4D-E74185C26ACD}.Debug|Any CPU.ActiveCfg = Debug|Any CPU
		{13F8F782-84D6-4D26-8A4D-E74185C26ACD}.Debug|Any CPU.Build.0 = Debug|Any CPU
		{13F8F782-84D6-4D26-8A4D-E74185C26ACD}.Release|Any CPU.ActiveCfg = Release|Any CPU
		{13F8F782-84D6-4D26-8A4D-E74185C26ACD}.Release|Any CPU.Build.0 = Release|Any CPU
	EndGlobalSection
	GlobalSection(SolutionProperties) = preSolution
		HideSolutionNode = FALSE
	EndGlobalSection
	GlobalSection(ExtensibilityGlobals) = postSolution
		SolutionGuid = {B25F8511-AD58-4FD2-A47B-C8521D5E6A65}
	EndGlobalSection
EndGlobal
